
Microsoft Visual Studio Solution File, Format Version 12.00
# Visual Studio Version 17
VisualStudioVersion = 17.10.34928.147
MinimumVisualStudioVersion = 10.0.40219.1
Project("{FAE04EC0-301F-11D3-BF4B-00C04F79EFBC}") = "TemperatureСonverter", "TemperatureСonverter\TemperatureСonverter.csproj", "{BCA607BA-5D6D-44EE-9767-992BBE773A46}"
EndProject
Global
	GlobalSection(SolutionConfigurationPlatforms) = preSolution
		Debug|Any CPU = Debug|Any CPU
		Release|Any CPU = Release|Any CPU
	EndGlobalSection
	GlobalSection(ProjectConfigurationPlatforms) = postSolution
		{BCA607BA-5D6D-44EE-9767-992BBE773A46}.Debug|Any CPU.ActiveCfg = Debug|Any CPU
		{BCA607BA-5D6D-44EE-9767-992BBE773A46}.Debug|Any CPU.Build.0 = Debug|Any CPU
		{BCA607BA-5D6D-44EE-9767-992BBE773A46}.Release|Any CPU.ActiveCfg = Release|Any CPU
		{BCA607BA-5D6D-44EE-9767-992BBE773A46}.Release|Any CPU.Build.0 = Release|Any CPU
	EndGlobalSection
	GlobalSection(SolutionProperties) = preSolution
		HideSolutionNode = FALSE
	EndGlobalSection
	GlobalSection(ExtensibilityGlobals) = postSolution
		SolutionGuid = {52D1BD2E-C0C2-455D-B1BA-C4D98F085F8A}
	EndGlobalSection
EndGlobal
